
Microsoft Visual Studio Solution File, Format Version 12.00
# Visual Studio Version 17
VisualStudioVersion = 17.0.31903.59
MinimumVisualStudioVersion = 10.0.40219.1
Project("{2150E333-8FDC-42A3-9474-1A3956D46DE8}") = "src", "src", "{827E0CD3-B72D-47B6-A68D-7590B98EB39B}"
EndProject
Project("{FAE04EC0-301F-11D3-BF4B-00C04F79EFBC}") = "SmartHome.Api", "src\SmartHome.Api\SmartHome.Api.csproj", "{2127083C-F44E-4445-B49F-9FB75F094167}"
EndProject
Project("{FAE04EC0-301F-11D3-BF4B-00C04F79EFBC}") = "TemperatureApi", "src\TemperatureApi\TemperatureApi.csproj", "{85382DA4-9559-45DE-834F-6F3F959EC8EB}"
EndProject
Project("{2150E333-8FDC-42A3-9474-1A3956D46DE8}") = "Services", "Services", "{5854FF58-B8C5-05C6-5BF2-ACE42193F22B}"
EndProject
Project("{2150E333-8FDC-42A3-9474-1A3956D46DE8}") = "Heating", "Heating", "{5D11EBAC-1DDB-DD86-FA37-49328B27BAE8}"
EndProject
Project("{FAE04EC0-301F-11D3-BF4B-00C04F79EFBC}") = "Heating.Api", "src\Services\Heating\Heating.Api.csproj", "{F0F374D6-1F87-424F-9A45-D15C696EAC6C}"
EndProject
Project("{2150E333-8FDC-42A3-9474-1A3956D46DE8}") = "Lighting", "Lighting", "{BCFF3255-7477-F92E-DF22-65E21AA00B6D}"
EndProject
Project("{FAE04EC0-301F-11D3-BF4B-00C04F79EFBC}") = "Lighting.Api", "src\Services\Lighting\Lighting.Api.csproj", "{7C96965F-C77B-420C-A789-AABD3608D133}"
EndProject
Project("{2150E333-8FDC-42A3-9474-1A3956D46DE8}") = "AccessControl", "AccessControl", "{49888A99-1DCA-D7C3-EEA0-C61FAC5D1A12}"
EndProject
Project("{FAE04EC0-301F-11D3-BF4B-00C04F79EFBC}") = "AccessControl.Api", "src\Services\AccessControl\AccessControl.Api.csproj", "{A007BDC9-0901-43F5-8060-8EFF0E58466A}"
EndProject
Project("{2150E333-8FDC-42A3-9474-1A3956D46DE8}") = "Monitoring", "Monitoring", "{8E19262C-829A-1FC1-D708-D68E63909238}"
EndProject
Project("{FAE04EC0-301F-11D3-BF4B-00C04F79EFBC}") = "Monitoring.Api", "src\Services\Monitoring\Monitoring.Api.csproj", "{127A368C-2E36-47D3-9917-A82B9143AF23}"
EndProject
Project("{2150E333-8FDC-42A3-9474-1A3956D46DE8}") = "Telemetry", "Telemetry", "{A35F0C71-8129-4FB9-9CCE-CB909620DB62}"
EndProject
Project("{FAE04EC0-301F-11D3-BF4B-00C04F79EFBC}") = "Telemetry.Api", "src\Services\Telemetry\Telemetry.Api.csproj", "{2635462E-88F7-44AF-8143-7AB7EDE48B7A}"
EndProject
Project("{2150E333-8FDC-42A3-9474-1A3956D46DE8}") = "Identity", "Identity", "{357A7C97-5AE1-023F-1442-0D9F9AF22A31}"
EndProject
Project("{FAE04EC0-301F-11D3-BF4B-00C04F79EFBC}") = "Identity.Api", "src\Services\Identity\Identity.Api.csproj", "{7B8381F1-467A-438D-AFD3-F709484CBACB}"
EndProject
Project("{2150E333-8FDC-42A3-9474-1A3956D46DE8}") = "Billing", "Billing", "{38B1D26E-7285-3ACB-8BA0-6B02B60B582B}"
EndProject
Project("{FAE04EC0-301F-11D3-BF4B-00C04F79EFBC}") = "Billing.Api", "src\Services\Billing\Billing.Api.csproj", "{DBD27ED5-A63A-45BA-A6E4-1E5FB9BD9B4A}"
EndProject
Project("{2150E333-8FDC-42A3-9474-1A3956D46DE8}") = "Gateway", "Gateway", "{E7BDDBC6-9FD1-D1D7-ACD8-2C4F8E3D2461}"
EndProject
Project("{FAE04EC0-301F-11D3-BF4B-00C04F79EFBC}") = "Gateway.Api", "src\Gateway\Gateway.Api.csproj", "{C2775A76-9B48-477C-9019-4E588F11BF3B}"
EndProject
Project("{2150E333-8FDC-42A3-9474-1A3956D46DE8}") = "DeviceManagement", "DeviceManagement", "{003B680D-4278-8DFA-78E5-7A045CB1F996}"
EndProject
Project("{FAE04EC0-301F-11D3-BF4B-00C04F79EFBC}") = "DeviceManagement.Api", "src\Services\DeviceManagement\DeviceManagement.Api.csproj", "{8A0AE9E3-758E-4F10-B06D-24567C7EFD9A}"
EndProject
Global
	GlobalSection(SolutionConfigurationPlatforms) = preSolution
		Debug|Any CPU = Debug|Any CPU
		Debug|x64 = Debug|x64
		Debug|x86 = Debug|x86
		Release|Any CPU = Release|Any CPU
		Release|x64 = Release|x64
		Release|x86 = Release|x86
	EndGlobalSection
	GlobalSection(ProjectConfigurationPlatforms) = postSolution
		{2127083C-F44E-4445-B49F-9FB75F094167}.Debug|Any CPU.ActiveCfg = Debug|Any CPU
		{2127083C-F44E-4445-B49F-9FB75F094167}.Debug|Any CPU.Build.0 = Debug|Any CPU
		{2127083C-F44E-4445-B49F-9FB75F094167}.Debug|x64.ActiveCfg = Debug|Any CPU
		{2127083C-F44E-4445-B49F-9FB75F094167}.Debug|x64.Build.0 = Debug|Any CPU
		{2127083C-F44E-4445-B49F-9FB75F094167}.Debug|x86.ActiveCfg = Debug|Any CPU
		{2127083C-F44E-4445-B49F-9FB75F094167}.Debug|x86.Build.0 = Debug|Any CPU
		{2127083C-F44E-4445-B49F-9FB75F094167}.Release|Any CPU.ActiveCfg = Release|Any CPU
		{2127083C-F44E-4445-B49F-9FB75F094167}.Release|Any CPU.Build.0 = Release|Any CPU
		{2127083C-F44E-4445-B49F-9FB75F094167}.Release|x64.ActiveCfg = Release|Any CPU
		{2127083C-F44E-4445-B49F-9FB75F094167}.Release|x64.Build.0 = Release|Any CPU
		{2127083C-F44E-4445-B49F-9FB75F094167}.Release|x86.ActiveCfg = Release|Any CPU
		{2127083C-F44E-4445-B49F-9FB75F094167}.Release|x86.Build.0 = Release|Any CPU
		{85382DA4-9559-45DE-834F-6F3F959EC8EB}.Debug|Any CPU.ActiveCfg = Debug|Any CPU
		{85382DA4-9559-45DE-834F-6F3F959EC8EB}.Debug|Any CPU.Build.0 = Debug|Any CPU
		{85382DA4-9559-45DE-834F-6F3F959EC8EB}.Debug|x64.ActiveCfg = Debug|Any CPU
		{85382DA4-9559-45DE-834F-6F3F959EC8EB}.Debug|x64.Build.0 = Debug|Any CPU
		{85382DA4-9559-45DE-834F-6F3F959EC8EB}.Debug|x86.ActiveCfg = Debug|Any CPU
		{85382DA4-9559-45DE-834F-6F3F959EC8EB}.Debug|x86.Build.0 = Debug|Any CPU
		{85382DA4-9559-45DE-834F-6F3F959EC8EB}.Release|Any CPU.ActiveCfg = Release|Any CPU
		{85382DA4-9559-45DE-834F-6F3F959EC8EB}.Release|Any CPU.Build.0 = Release|Any CPU
		{85382DA4-9559-45DE-834F-6F3F959EC8EB}.Release|x64.ActiveCfg = Release|Any CPU
		{85382DA4-9559-45DE-834F-6F3F959EC8EB}.Release|x64.Build.0 = Release|Any CPU
		{85382DA4-9559-45DE-834F-6F3F959EC8EB}.Release|x86.ActiveCfg = Release|Any CPU
		{85382DA4-9559-45DE-834F-6F3F959EC8EB}.Release|x86.Build.0 = Release|Any CPU
		{F0F374D6-1F87-424F-9A45-D15C696EAC6C}.Debug|Any CPU.ActiveCfg = Debug|Any CPU
		{F0F374D6-1F87-424F-9A45-D15C696EAC6C}.Debug|Any CPU.Build.0 = Debug|Any CPU
		{F0F374D6-1F87-424F-9A45-D15C696EAC6C}.Debug|x64.ActiveCfg = Debug|Any CPU
		{F0F374D6-1F87-424F-9A45-D15C696EAC6C}.Debug|x64.Build.0 = Debug|Any CPU
		{F0F374D6-1F87-424F-9A45-D15C696EAC6C}.Debug|x86.ActiveCfg = Debug|Any CPU
		{F0F374D6-1F87-424F-9A45-D15C696EAC6C}.Debug|x86.Build.0 = Debug|Any CPU
		{F0F374D6-1F87-424F-9A45-D15C696EAC6C}.Release|Any CPU.ActiveCfg = Release|Any CPU
		{F0F374D6-1F87-424F-9A45-D15C696EAC6C}.Release|Any CPU.Build.0 = Release|Any CPU
		{F0F374D6-1F87-424F-9A45-D15C696EAC6C}.Release|x64.ActiveCfg = Release|Any CPU
		{F0F374D6-1F87-424F-9A45-D15C696EAC6C}.Release|x64.Build.0 = Release|Any CPU
		{F0F374D6-1F87-424F-9A45-D15C696EAC6C}.Release|x86.ActiveCfg = Release|Any CPU
		{F0F374D6-1F87-424F-9A45-D15C696EAC6C}.Release|x86.Build.0 = Release|Any CPU
		{7C96965F-C77B-420C-A789-AABD3608D133}.Debug|Any CPU.ActiveCfg = Debug|Any CPU
		{7C96965F-C77B-420C-A789-AABD3608D133}.Debug|Any CPU.Build.0 = Debug|Any CPU
		{7C96965F-C77B-420C-A789-AABD3608D133}.Debug|x64.ActiveCfg = Debug|Any CPU
		{7C96965F-C77B-420C-A789-AABD3608D133}.Debug|x64.Build.0 = Debug|Any CPU
		{7C96965F-C77B-420C-A789-AABD3608D133}.Debug|x86.ActiveCfg = Debug|Any CPU
		{7C96965F-C77B-420C-A789-AABD3608D133}.Debug|x86.Build.0 = Debug|Any CPU
		{7C96965F-C77B-420C-A789-AABD3608D133}.Release|Any CPU.ActiveCfg = Release|Any CPU
		{7C96965F-C77B-420C-A789-AABD3608D133}.Release|Any CPU.Build.0 = Release|Any CPU
		{7C96965F-C77B-420C-A789-AABD3608D133}.Release|x64.ActiveCfg = Release|Any CPU
		{7C96965F-C77B-420C-A789-AABD3608D133}.Release|x64.Build.0 = Release|Any CPU
		{7C96965F-C77B-420C-A789-AABD3608D133}.Release|x86.ActiveCfg = Release|Any CPU
		{7C96965F-C77B-420C-A789-AABD3608D133}.Release|x86.Build.0 = Release|Any CPU
		{A007BDC9-0901-43F5-8060-8EFF0E58466A}.Debug|Any CPU.ActiveCfg = Debug|Any CPU
		{A007BDC9-0901-43F5-8060-8EFF0E58466A}.Debug|Any CPU.Build.0 = Debug|Any CPU
		{A007BDC9-0901-43F5-8060-8EFF0E58466A}.Debug|x64.ActiveCfg = Debug|Any CPU
		{A007BDC9-0901-43F5-8060-8EFF0E58466A}.Debug|x64.Build.0 = Debug|Any CPU
		{A007BDC9-0901-43F5-8060-8EFF0E58466A}.Debug|x86.ActiveCfg = Debug|Any CPU
		{A007BDC9-0901-43F5-8060-8EFF0E58466A}.Debug|x86.Build.0 = Debug|Any CPU
		{A007BDC9-0901-43F5-8060-8EFF0E58466A}.Release|Any CPU.ActiveCfg = Release|Any CPU
		{A007BDC9-0901-43F5-8060-8EFF0E58466A}.Release|Any CPU.Build.0 = Release|Any CPU
		{A007BDC9-0901-43F5-8060-8EFF0E58466A}.Release|x64.ActiveCfg = Release|Any CPU
		{A007BDC9-0901-43F5-8060-8EFF0E58466A}.Release|x64.Build.0 = Release|Any CPU
		{A007BDC9-0901-43F5-8060-8EFF0E58466A}.Release|x86.ActiveCfg = Release|Any CPU
		{A007BDC9-0901-43F5-8060-8EFF0E58466A}.Release|x86.Build.0 = Release|Any CPU
		{127A368C-2E36-47D3-9917-A82B9143AF23}.Debug|Any CPU.ActiveCfg = Debug|Any CPU
		{127A368C-2E36-47D3-9917-A82B9143AF23}.Debug|Any CPU.Build.0 = Debug|Any CPU
		{127A368C-2E36-47D3-9917-A82B9143AF23}.Debug|x64.ActiveCfg = Debug|Any CPU
		{127A368C-2E36-47D3-9917-A82B9143AF23}.Debug|x64.Build.0 = Debug|Any CPU
		{127A368C-2E36-47D3-9917-A82B9143AF23}.Debug|x86.ActiveCfg = Debug|Any CPU
		{127A368C-2E36-47D3-9917-A82B9143AF23}.Debug|x86.Build.0 = Debug|Any CPU
		{127A368C-2E36-47D3-9917-A82B9143AF23}.Release|Any CPU.ActiveCfg = Release|Any CPU
		{127A368C-2E36-47D3-9917-A82B9143AF23}.Release|Any CPU.Build.0 = Release|Any CPU
		{127A368C-2E36-47D3-9917-A82B9143AF23}.Release|x64.ActiveCfg = Release|Any CPU
		{127A368C-2E36-47D3-9917-A82B9143AF23}.Release|x64.Build.0 = Release|Any CPU
		{127A368C-2E36-47D3-9917-A82B9143AF23}.Release|x86.ActiveCfg = Release|Any CPU
		{127A368C-2E36-47D3-9917-A82B9143AF23}.Release|x86.Build.0 = Release|Any CPU
		{2635462E-88F7-44AF-8143-7AB7EDE48B7A}.Debug|Any CPU.ActiveCfg = Debug|Any CPU
		{2635462E-88F7-44AF-8143-7AB7EDE48B7A}.Debug|Any CPU.Build.0 = Debug|Any CPU
		{2635462E-88F7-44AF-8143-7AB7EDE48B7A}.Debug|x64.ActiveCfg = Debug|Any CPU
		{2635462E-88F7-44AF-8143-7AB7EDE48B7A}.Debug|x64.Build.0 = Debug|Any CPU
		{2635462E-88F7-44AF-8143-7AB7EDE48B7A}.Debug|x86.ActiveCfg = Debug|Any CPU
		{2635462E-88F7-44AF-8143-7AB7EDE48B7A}.Debug|x86.Build.0 = Debug|Any CPU
		{2635462E-88F7-44AF-8143-7AB7EDE48B7A}.Release|Any CPU.ActiveCfg = Release|Any CPU
		{2635462E-88F7-44AF-8143-7AB7EDE48B7A}.Release|Any CPU.Build.0 = Release|Any CPU
		{2635462E-88F7-44AF-8143-7AB7EDE48B7A}.Release|x64.ActiveCfg = Release|Any CPU
		{2635462E-88F7-44AF-8143-7AB7EDE48B7A}.Release|x64.Build.0 = Release|Any CPU
		{2635462E-88F7-44AF-8143-7AB7EDE48B7A}.Release|x86.ActiveCfg = Release|Any CPU
		{2635462E-88F7-44AF-8143-7AB7EDE48B7A}.Release|x86.Build.0 = Release|Any CPU
		{7B8381F1-467A-438D-AFD3-F709484CBACB}.Debug|Any CPU.ActiveCfg = Debug|Any CPU
		{7B8381F1-467A-438D-AFD3-F709484CBACB}.Debug|Any CPU.Build.0 = Debug|Any CPU
		{7B8381F1-467A-438D-AFD3-F709484CBACB}.Debug|x64.ActiveCfg = Debug|Any CPU
		{7B8381F1-467A-438D-AFD3-F709484CBACB}.Debug|x64.Build.0 = Debug|Any CPU
		{7B8381F1-467A-438D-AFD3-F709484CBACB}.Debug|x86.ActiveCfg = Debug|Any CPU
		{7B8381F1-467A-438D-AFD3-F709484CBACB}.Debug|x86.Build.0 = Debug|Any CPU
		{7B8381F1-467A-438D-AFD3-F709484CBACB}.Release|Any CPU.ActiveCfg = Release|Any CPU
		{7B8381F1-467A-438D-AFD3-F709484CBACB}.Release|Any CPU.Build.0 = Release|Any CPU
		{7B8381F1-467A-438D-AFD3-F709484CBACB}.Release|x64.ActiveCfg = Release|Any CPU
		{7B8381F1-467A-438D-AFD3-F709484CBACB}.Release|x64.Build.0 = Release|Any CPU
		{7B8381F1-467A-438D-AFD3-F709484CBACB}.Release|x86.ActiveCfg = Release|Any CPU
		{7B8381F1-467A-438D-AFD3-F709484CBACB}.Release|x86.Build.0 = Release|Any CPU
		{DBD27ED5-A63A-45BA-A6E4-1E5FB9BD9B4A}.Debug|Any CPU.ActiveCfg = Debug|Any CPU
		{DBD27ED5-A63A-45BA-A6E4-1E5FB9BD9B4A}.Debug|Any CPU.Build.0 = Debug|Any CPU
		{DBD27ED5-A63A-45BA-A6E4-1E5FB9BD9B4A}.Debug|x64.ActiveCfg = Debug|Any CPU
		{DBD27ED5-A63A-45BA-A6E4-1E5FB9BD9B4A}.Debug|x64.Build.0 = Debug|Any CPU
		{DBD27ED5-A63A-45BA-A6E4-1E5FB9BD9B4A}.Debug|x86.ActiveCfg = Debug|Any CPU
		{DBD27ED5-A63A-45BA-A6E4-1E5FB9BD9B4A}.Debug|x86.Build.0 = Debug|Any CPU
		{DBD27ED5-A63A-45BA-A6E4-1E5FB9BD9B4A}.Release|Any CPU.ActiveCfg = Release|Any CPU
		{DBD27ED5-A63A-45BA-A6E4-1E5FB9BD9B4A}.Release|Any CPU.Build.0 = Release|Any CPU
		{DBD27ED5-A63A-45BA-A6E4-1E5FB9BD9B4A}.Release|x64.ActiveCfg = Release|Any CPU
		{DBD27ED5-A63A-45BA-A6E4-1E5FB9BD9B4A}.Release|x64.Build.0 = Release|Any CPU
		{DBD27ED5-A63A-45BA-A6E4-1E5FB9BD9B4A}.Release|x86.ActiveCfg = Release|Any CPU
		{DBD27ED5-A63A-45BA-A6E4-1E5FB9BD9B4A}.Release|x86.Build.0 = Release|Any CPU
		{C2775A76-9B48-477C-9019-4E588F11BF3B}.Debug|Any CPU.ActiveCfg = Debug|Any CPU
		{C2775A76-9B48-477C-9019-4E588F11BF3B}.Debug|Any CPU.Build.0 = Debug|Any CPU
		{C2775A76-9B48-477C-9019-4E588F11BF3B}.Debug|x64.ActiveCfg = Debug|Any CPU
		{C2775A76-9B48-477C-9019-4E588F11BF3B}.Debug|x64.Build.0 = Debug|Any CPU
		{C2775A76-9B48-477C-9019-4E588F11BF3B}.Debug|x86.ActiveCfg = Debug|Any CPU
		{C2775A76-9B48-477C-9019-4E588F11BF3B}.Debug|x86.Build.0 = Debug|Any CPU
		{C2775A76-9B48-477C-9019-4E588F11BF3B}.Release|Any CPU.ActiveCfg = Release|Any CPU
		{C2775A76-9B48-477C-9019-4E588F11BF3B}.Release|Any CPU.Build.0 = Release|Any CPU
		{C2775A76-9B48-477C-9019-4E588F11BF3B}.Release|x64.ActiveCfg = Release|Any CPU
		{C2775A76-9B48-477C-9019-4E588F11BF3B}.Release|x64.Build.0 = Release|Any CPU
		{C2775A76-9B48-477C-9019-4E588F11BF3B}.Release|x86.ActiveCfg = Release|Any CPU
		{C2775A76-9B48-477C-9019-4E588F11BF3B}.Release|x86.Build.0 = Release|Any CPU
		{8A0AE9E3-758E-4F10-B06D-24567C7EFD9A}.Debug|Any CPU.ActiveCfg = Debug|Any CPU
		{8A0AE9E3-758E-4F10-B06D-24567C7EFD9A}.Debug|Any CPU.Build.0 = Debug|Any CPU
		{8A0AE9E3-758E-4F10-B06D-24567C7EFD9A}.Debug|x64.ActiveCfg = Debug|Any CPU
		{8A0AE9E3-758E-4F10-B06D-24567C7EFD9A}.Debug|x64.Build.0 = Debug|Any CPU
		{8A0AE9E3-758E-4F10-B06D-24567C7EFD9A}.Debug|x86.ActiveCfg = Debug|Any CPU
		{8A0AE9E3-758E-4F10-B06D-24567C7EFD9A}.Debug|x86.Build.0 = Debug|Any CPU
		{8A0AE9E3-758E-4F10-B06D-24567C7EFD9A}.Release|Any CPU.ActiveCfg = Release|Any CPU
		{8A0AE9E3-758E-4F10-B06D-24567C7EFD9A}.Release|Any CPU.Build.0 = Release|Any CPU
		{8A0AE9E3-758E-4F10-B06D-24567C7EFD9A}.Release|x64.ActiveCfg = Release|Any CPU
		{8A0AE9E3-758E-4F10-B06D-24567C7EFD9A}.Release|x64.Build.0 = Release|Any CPU
		{8A0AE9E3-758E-4F10-B06D-24567C7EFD9A}.Release|x86.ActiveCfg = Release|Any CPU
		{8A0AE9E3-758E-4F10-B06D-24567C7EFD9A}.Release|x86.Build.0 = Release|Any CPU
	EndGlobalSection
	GlobalSection(SolutionProperties) = preSolution
		HideSolutionNode = FALSE
	EndGlobalSection
	GlobalSection(NestedProjects) = preSolution
		{2127083C-F44E-4445-B49F-9FB75F094167} = {827E0CD3-B72D-47B6-A68D-7590B98EB39B}
		{85382DA4-9559-45DE-834F-6F3F959EC8EB} = {827E0CD3-B72D-47B6-A68D-7590B98EB39B}
		{5D11EBAC-1DDB-DD86-FA37-49328B27BAE8} = {5854FF58-B8C5-05C6-5BF2-ACE42193F22B}
		{F0F374D6-1F87-424F-9A45-D15C696EAC6C} = {5D11EBAC-1DDB-DD86-FA37-49328B27BAE8}
		{BCFF3255-7477-F92E-DF22-65E21AA00B6D} = {5854FF58-B8C5-05C6-5BF2-ACE42193F22B}
		{7C96965F-C77B-420C-A789-AABD3608D133} = {BCFF3255-7477-F92E-DF22-65E21AA00B6D}
		{49888A99-1DCA-D7C3-EEA0-C61FAC5D1A12} = {5854FF58-B8C5-05C6-5BF2-ACE42193F22B}
		{A007BDC9-0901-43F5-8060-8EFF0E58466A} = {49888A99-1DCA-D7C3-EEA0-C61FAC5D1A12}
		{8E19262C-829A-1FC1-D708-D68E63909238} = {5854FF58-B8C5-05C6-5BF2-ACE42193F22B}
		{127A368C-2E36-47D3-9917-A82B9143AF23} = {8E19262C-829A-1FC1-D708-D68E63909238}
		{A35F0C71-8129-4FB9-9CCE-CB909620DB62} = {5854FF58-B8C5-05C6-5BF2-ACE42193F22B}
		{2635462E-88F7-44AF-8143-7AB7EDE48B7A} = {A35F0C71-8129-4FB9-9CCE-CB909620DB62}
		{357A7C97-5AE1-023F-1442-0D9F9AF22A31} = {5854FF58-B8C5-05C6-5BF2-ACE42193F22B}
		{7B8381F1-467A-438D-AFD3-F709484CBACB} = {357A7C97-5AE1-023F-1442-0D9F9AF22A31}
		{38B1D26E-7285-3ACB-8BA0-6B02B60B582B} = {5854FF58-B8C5-05C6-5BF2-ACE42193F22B}
		{DBD27ED5-A63A-45BA-A6E4-1E5FB9BD9B4A} = {38B1D26E-7285-3ACB-8BA0-6B02B60B582B}
		{C2775A76-9B48-477C-9019-4E588F11BF3B} = {E7BDDBC6-9FD1-D1D7-ACD8-2C4F8E3D2461}
		{003B680D-4278-8DFA-78E5-7A045CB1F996} = {5854FF58-B8C5-05C6-5BF2-ACE42193F22B}
		{8A0AE9E3-758E-4F10-B06D-24567C7EFD9A} = {003B680D-4278-8DFA-78E5-7A045CB1F996}
	EndGlobalSection
EndGlobal
